
Microsoft Visual Studio Solution File, Format Version 12.00
# Visual Studio Version 17
VisualStudioVersion = 17.5.33516.290
MinimumVisualStudioVersion = 10.0.40219.1
Project("{FAE04EC0-301F-11D3-BF4B-00C04F79EFBC}") = "BloodDonorManagementSystem.Web", "BloodDonorManagementSystem.Web\BloodDonorManagementSystem.Web.csproj", "{EE51C7A5-3FAA-481B-9F81-A6DA2ED2E8DE}"
EndProject
Global
	GlobalSection(SolutionConfigurationPlatforms) = preSolution
		Debug|Any CPU = Debug|Any CPU
		Release|Any CPU = Release|Any CPU
	EndGlobalSection
	GlobalSection(ProjectConfigurationPlatforms) = postSolution
		{EE51C7A5-3FAA-481B-9F81-A6DA2ED2E8DE}.Debug|Any CPU.ActiveCfg = Debug|Any CPU
		{EE51C7A5-3FAA-481B-9F81-A6DA2ED2E8DE}.Debug|Any CPU.Build.0 = Debug|Any CPU
		{EE51C7A5-3FAA-481B-9F81-A6DA2ED2E8DE}.Release|Any CPU.ActiveCfg = Release|Any CPU
		{EE51C7A5-3FAA-481B-9F81-A6DA2ED2E8DE}.Release|Any CPU.Build.0 = Release|Any CPU
	EndGlobalSection
	GlobalSection(SolutionProperties) = preSolution
		HideSolutionNode = FALSE
	EndGlobalSection
	GlobalSection(ExtensibilityGlobals) = postSolution
		SolutionGuid = {476D58A3-49D5-41D5-8EAE-73C6C1CCBC09}
	EndGlobalSection
EndGlobal
